
Microsoft Visual Studio Solution File, Format Version 12.00
# Visual Studio Version 16
VisualStudioVersion = 16.0.30804.86
MinimumVisualStudioVersion = 10.0.40219.1
Project("{FAE04EC0-301F-11D3-BF4B-00C04F79EFBC}") = "Finances_Pay_Profit", "Finances_Pay_Profit\Finances_Pay_Profit.csproj", "{84918BE3-CB8A-4AC8-A199-D5E1D39FEE92}"
EndProject
Project("{FAE04EC0-301F-11D3-BF4B-00C04F79EFBC}") = "Triangle_of_Pascal", "Triangle_of_Pascal\Triangle_of_Pascal.csproj", "{FE524D5A-BE57-419A-8B97-4392F3A8B576}"
EndProject
Project("{FAE04EC0-301F-11D3-BF4B-00C04F79EFBC}") = "Matrix_x_Number", "Matrix_x_Number\Matrix_x_Number.csproj", "{C10EFE9C-08A7-4613-A52E-D6CC5E0388AF}"
EndProject
Project("{FAE04EC0-301F-11D3-BF4B-00C04F79EFBC}") = "Matrix_plus_minus_Matrix", "Matrix_plus_minus_Matrix\Matrix_plus_minus_Matrix.csproj", "{62701557-E62E-4338-87F7-01A7D476754B}"
EndProject
Project("{FAE04EC0-301F-11D3-BF4B-00C04F79EFBC}") = "Matrix_x_Matrix", "Matrix_x_Matrix\Matrix_x_Matrix.csproj", "{28516FF6-0E72-4FE7-B494-F2DEA4B51DD1}"
EndProject
Project("{FAE04EC0-301F-11D3-BF4B-00C04F79EFBC}") = "Triangle_of_Pascal_edit", "Triangle_of_Pascal_edit\Triangle_of_Pascal_edit.csproj", "{EAC20261-4894-4F24-8FE6-38EF230E70C8}"
EndProject
Project("{FAE04EC0-301F-11D3-BF4B-00C04F79EFBC}") = "Matrix_x_Number_edit", "Matrix_x_Number_edit\Matrix_x_Number_edit.csproj", "{2D82431A-38F4-41F5-B35C-249896A9DF49}"
EndProject
Project("{FAE04EC0-301F-11D3-BF4B-00C04F79EFBC}") = "Matrix_plus_minus_Matrix_edit", "Matrix_plus_minus_Matrix_edit\Matrix_plus_minus_Matrix_edit.csproj", "{850896FD-4443-40BD-B9D3-185966129A98}"
EndProject
Project("{FAE04EC0-301F-11D3-BF4B-00C04F79EFBC}") = "Matrix_x_Matrix_edit", "Matrix_x_Matrix_edit\Matrix_x_Matrix_edit.csproj", "{1898CC44-7A96-49C8-9E60-D9419A2FA08F}"
EndProject
Global
	GlobalSection(SolutionConfigurationPlatforms) = preSolution
		Debug|Any CPU = Debug|Any CPU
		Release|Any CPU = Release|Any CPU
	EndGlobalSection
	GlobalSection(ProjectConfigurationPlatforms) = postSolution
		{84918BE3-CB8A-4AC8-A199-D5E1D39FEE92}.Debug|Any CPU.ActiveCfg = Debug|Any CPU
		{84918BE3-CB8A-4AC8-A199-D5E1D39FEE92}.Debug|Any CPU.Build.0 = Debug|Any CPU
		{84918BE3-CB8A-4AC8-A199-D5E1D39FEE92}.Release|Any CPU.ActiveCfg = Release|Any CPU
		{84918BE3-CB8A-4AC8-A199-D5E1D39FEE92}.Release|Any CPU.Build.0 = Release|Any CPU
		{FE524D5A-BE57-419A-8B97-4392F3A8B576}.Debug|Any CPU.ActiveCfg = Debug|Any CPU
		{FE524D5A-BE57-419A-8B97-4392F3A8B576}.Debug|Any CPU.Build.0 = Debug|Any CPU
		{FE524D5A-BE57-419A-8B97-4392F3A8B576}.Release|Any CPU.ActiveCfg = Release|Any CPU
		{FE524D5A-BE57-419A-8B97-4392F3A8B576}.Release|Any CPU.Build.0 = Release|Any CPU
		{C10EFE9C-08A7-4613-A52E-D6CC5E0388AF}.Debug|Any CPU.ActiveCfg = Debug|Any CPU
		{C10EFE9C-08A7-4613-A52E-D6CC5E0388AF}.Debug|Any CPU.Build.0 = Debug|Any CPU
		{C10EFE9C-08A7-4613-A52E-D6CC5E0388AF}.Release|Any CPU.ActiveCfg = Release|Any CPU
		{C10EFE9C-08A7-4613-A52E-D6CC5E0388AF}.Release|Any CPU.Build.0 = Release|Any CPU
		{62701557-E62E-4338-87F7-01A7D476754B}.Debug|Any CPU.ActiveCfg = Debug|Any CPU
		{62701557-E62E-4338-87F7-01A7D476754B}.Debug|Any CPU.Build.0 = Debug|Any CPU
		{62701557-E62E-4338-87F7-01A7D476754B}.Release|Any CPU.ActiveCfg = Release|Any CPU
		{62701557-E62E-4338-87F7-01A7D476754B}.Release|Any CPU.Build.0 = Release|Any CPU
		{28516FF6-0E72-4FE7-B494-F2DEA4B51DD1}.Debug|Any CPU.ActiveCfg = Debug|Any CPU
		{28516FF6-0E72-4FE7-B494-F2DEA4B51DD1}.Debug|Any CPU.Build.0 = Debug|Any CPU
		{28516FF6-0E72-4FE7-B494-F2DEA4B51DD1}.Release|Any CPU.ActiveCfg = Release|Any CPU
		{28516FF6-0E72-4FE7-B494-F2DEA4B51DD1}.Release|Any CPU.Build.0 = Release|Any CPU
		{EAC20261-4894-4F24-8FE6-38EF230E70C8}.Debug|Any CPU.ActiveCfg = Debug|Any CPU
		{EAC20261-4894-4F24-8FE6-38EF230E70C8}.Debug|Any CPU.Build.0 = Debug|Any CPU
		{EAC20261-4894-4F24-8FE6-38EF230E70C8}.Release|Any CPU.ActiveCfg = Release|Any CPU
		{EAC20261-4894-4F24-8FE6-38EF230E70C8}.Release|Any CPU.Build.0 = Release|Any CPU
		{2D82431A-38F4-41F5-B35C-249896A9DF49}.Debug|Any CPU.ActiveCfg = Debug|Any CPU
		{2D82431A-38F4-41F5-B35C-249896A9DF49}.Debug|Any CPU.Build.0 = Debug|Any CPU
		{2D82431A-38F4-41F5-B35C-249896A9DF49}.Release|Any CPU.ActiveCfg = Release|Any CPU
		{2D82431A-38F4-41F5-B35C-249896A9DF49}.Release|Any CPU.Build.0 = Release|Any CPU
		{850896FD-4443-40BD-B9D3-185966129A98}.Debug|Any CPU.ActiveCfg = Debug|Any CPU
		{850896FD-4443-40BD-B9D3-185966129A98}.Debug|Any CPU.Build.0 = Debug|Any CPU
		{850896FD-4443-40BD-B9D3-185966129A98}.Release|Any CPU.ActiveCfg = Release|Any CPU
		{850896FD-4443-40BD-B9D3-185966129A98}.Release|Any CPU.Build.0 = Release|Any CPU
		{1898CC44-7A96-49C8-9E60-D9419A2FA08F}.Debug|Any CPU.ActiveCfg = Debug|Any CPU
		{1898CC44-7A96-49C8-9E60-D9419A2FA08F}.Debug|Any CPU.Build.0 = Debug|Any CPU
		{1898CC44-7A96-49C8-9E60-D9419A2FA08F}.Release|Any CPU.ActiveCfg = Release|Any CPU
		{1898CC44-7A96-49C8-9E60-D9419A2FA08F}.Release|Any CPU.Build.0 = Release|Any CPU
	EndGlobalSection
	GlobalSection(SolutionProperties) = preSolution
		HideSolutionNode = FALSE
	EndGlobalSection
	GlobalSection(ExtensibilityGlobals) = postSolution
		SolutionGuid = {9859AEFE-410A-477A-92FD-7875D3B6F745}
	EndGlobalSection
EndGlobal
